{
  "name": "stamtour",
  "version": "1.0.0",
  "lockfileVersion": 1,
  "requires": true,
  "dependencies": {
    "geolib": {
      "version": "2.0.24",
      "resolved": "https://registry.npmjs.org/geolib/-/geolib-2.0.24.tgz",
      "integrity": "sha512-NR0AyYyEnGrFS9JvSFmmotQDxVCORJgDHdvBwSatxl5aHarOLMh3KuGI83bCvCfObjfoEiDe8Ung8GGLGAtthw=="
    },
    "nosleep.js": {
      "version": "0.7.0",
      "resolved": "https://registry.npmjs.org/nosleep.js/-/nosleep.js-0.7.0.tgz",
      "integrity": "sha1-z9kZwlUjyg0PSmn7MwXAg62u4ok="
    },
    "vue": {
      "version": "2.5.16",
      "resolved": "https://registry.npmjs.org/vue/-/vue-2.5.16.tgz",
      "integrity": "sha512-/ffmsiVuPC8PsWcFkZngdpas19ABm5mh2wA7iDqcltyCTwlgZjHGeJYOXkBMo422iPwIcviOtrTCUpSfXmToLQ=="
    }
  }
}
